// !$*UTF8*$!
{
	archiveVersion = 1;
	classes = {
	};
	objectVersion = 56;
	objects = {

/* Begin PBXBuildFile section */
		469B8E02296AEB8700480B19 /* BookmarkModel.swift in Sources */ = {isa = PBXBuildFile; fileRef = 469B8E01296AEB8700480B19 /* BookmarkModel.swift */; };
		469B8E04296AEBC300480B19 /* BookmarksViewModel.swift in Sources */ = {isa = PBXBuildFile; fileRef = 469B8E03296AEBC300480B19 /* BookmarksViewModel.swift */; };
		469B8E07296AFDDE00480B19 /* Service.swift in Sources */ = {isa = PBXBuildFile; fileRef = 469B8E06296AFDDE00480B19 /* Service.swift */; };
		469B8E0A296AFE6F00480B19 /* LinkdingService.swift in Sources */ = {isa = PBXBuildFile; fileRef = 469B8E09296AFE6F00480B19 /* LinkdingService.swift */; };
		469B8E0D296B0BF700480B19 /* LinkdingReponse.swift in Sources */ = {isa = PBXBuildFile; fileRef = 469B8E0C296B0BF700480B19 /* LinkdingReponse.swift */; };
		46AFD50A2966CA4F00439298 /* LinkdingApp.swift in Sources */ = {isa = PBXBuildFile; fileRef = 46AFD5092966CA4F00439298 /* LinkdingApp.swift */; };
		46AFD50E2966CA5000439298 /* Assets.xcassets in Resources */ = {isa = PBXBuildFile; fileRef = 46AFD50D2966CA5000439298 /* Assets.xcassets */; };
		46AFD5112966CA5000439298 /* Preview Assets.xcassets in Resources */ = {isa = PBXBuildFile; fileRef = 46AFD5102966CA5000439298 /* Preview Assets.xcassets */; };
		46AFD5222966E6E400439298 /* LoginView.swift in Sources */ = {isa = PBXBuildFile; fileRef = 46AFD5212966E6E400439298 /* LoginView.swift */; };
		46AFD5252966F12800439298 /* LoginViewModel.swift in Sources */ = {isa = PBXBuildFile; fileRef = 46AFD5242966F12800439298 /* LoginViewModel.swift */; };
		46AFD5282966F93200439298 /* AlertToast in Frameworks */ = {isa = PBXBuildFile; productRef = 46AFD5272966F93200439298 /* AlertToast */; };
		46AFD52B29672A0F00439298 /* View+Extension.swift in Sources */ = {isa = PBXBuildFile; fileRef = 46AFD52A29672A0F00439298 /* View+Extension.swift */; };
		46AFD554296ACCC200439298 /* LargeTextFieldStyle.swift in Sources */ = {isa = PBXBuildFile; fileRef = 46AFD553296ACCC200439298 /* LargeTextFieldStyle.swift */; };
		46AFD556296AD20700439298 /* LinkdingViewModel.swift in Sources */ = {isa = PBXBuildFile; fileRef = 46AFD555296AD20700439298 /* LinkdingViewModel.swift */; };
		46AFD559296AD39E00439298 /* BookmarksView.swift in Sources */ = {isa = PBXBuildFile; fileRef = 46AFD558296AD39E00439298 /* BookmarksView.swift */; };
/* End PBXBuildFile section */

/* Begin PBXFileReference section */
		469B8E01296AEB8700480B19 /* BookmarkModel.swift */ = {isa = PBXFileReference; lastKnownFileType = sourcecode.swift; path = BookmarkModel.swift; sourceTree = "<group>"; };
		469B8E03296AEBC300480B19 /* BookmarksViewModel.swift */ = {isa = PBXFileReference; lastKnownFileType = sourcecode.swift; path = BookmarksViewModel.swift; sourceTree = "<group>"; };
		469B8E06296AFDDE00480B19 /* Service.swift */ = {isa = PBXFileReference; lastKnownFileType = sourcecode.swift; path = Service.swift; sourceTree = "<group>"; };
		469B8E09296AFE6F00480B19 /* LinkdingService.swift */ = {isa = PBXFileReference; lastKnownFileType = sourcecode.swift; path = LinkdingService.swift; sourceTree = "<group>"; };
		469B8E0C296B0BF700480B19 /* LinkdingReponse.swift */ = {isa = PBXFileReference; lastKnownFileType = sourcecode.swift; path = LinkdingReponse.swift; sourceTree = "<group>"; };
		46AFD5062966CA4F00439298 /* Linkding.app */ = {isa = PBXFileReference; explicitFileType = wrapper.application; includeInIndex = 0; path = Linkding.app; sourceTree = BUILT_PRODUCTS_DIR; };
		46AFD5092966CA4F00439298 /* LinkdingApp.swift */ = {isa = PBXFileReference; lastKnownFileType = sourcecode.swift; path = LinkdingApp.swift; sourceTree = "<group>"; };
		46AFD50D2966CA5000439298 /* Assets.xcassets */ = {isa = PBXFileReference; lastKnownFileType = folder.assetcatalog; path = Assets.xcassets; sourceTree = "<group>"; };
		46AFD5102966CA5000439298 /* Preview Assets.xcassets */ = {isa = PBXFileReference; lastKnownFileType = folder.assetcatalog; path = "Preview Assets.xcassets"; sourceTree = "<group>"; };
		46AFD51F2966CD4D00439298 /* Info.plist */ = {isa = PBXFileReference; lastKnownFileType = text.plist; path = Info.plist; sourceTree = "<group>"; };
		46AFD5212966E6E400439298 /* LoginView.swift */ = {isa = PBXFileReference; lastKnownFileType = sourcecode.swift; path = LoginView.swift; sourceTree = "<group>"; };
		46AFD5242966F12800439298 /* LoginViewModel.swift */ = {isa = PBXFileReference; lastKnownFileType = sourcecode.swift; path = LoginViewModel.swift; sourceTree = "<group>"; };
		46AFD52A29672A0F00439298 /* View+Extension.swift */ = {isa = PBXFileReference; lastKnownFileType = sourcecode.swift; path = "View+Extension.swift"; sourceTree = "<group>"; };
		46AFD553296ACCC200439298 /* LargeTextFieldStyle.swift */ = {isa = PBXFileReference; lastKnownFileType = sourcecode.swift; path = LargeTextFieldStyle.swift; sourceTree = "<group>"; };
		46AFD555296AD20700439298 /* LinkdingViewModel.swift */ = {isa = PBXFileReference; lastKnownFileType = sourcecode.swift; path = LinkdingViewModel.swift; sourceTree = "<group>"; };
		46AFD558296AD39E00439298 /* BookmarksView.swift */ = {isa = PBXFileReference; lastKnownFileType = sourcecode.swift; path = BookmarksView.swift; sourceTree = "<group>"; };
/* End PBXFileReference section */

/* Begin PBXFrameworksBuildPhase section */
		46AFD5032966CA4F00439298 /* Frameworks */ = {
			isa = PBXFrameworksBuildPhase;
			buildActionMask = 2147483647;
			files = (
				46AFD5282966F93200439298 /* AlertToast in Frameworks */,
			);
			runOnlyForDeploymentPostprocessing = 0;
		};
/* End PBXFrameworksBuildPhase section */

/* Begin PBXGroup section */
		469B8E05296AFDCB00480B19 /* Service */ = {
			isa = PBXGroup;
			children = (
				469B8E08296AFE5700480B19 /* Linkding */,
				469B8E06296AFDDE00480B19 /* Service.swift */,
			);
			path = Service;
			sourceTree = "<group>";
		};
		469B8E08296AFE5700480B19 /* Linkding */ = {
			isa = PBXGroup;
			children = (
				469B8E0B296B0BC400480B19 /* Response */,
				469B8E09296AFE6F00480B19 /* LinkdingService.swift */,
			);
			path = Linkding;
			sourceTree = "<group>";
		};
		469B8E0B296B0BC400480B19 /* Response */ = {
			isa = PBXGroup;
			children = (
				469B8E0C296B0BF700480B19 /* LinkdingReponse.swift */,
			);
			path = Response;
			sourceTree = "<group>";
		};
		46AFD4FD2966CA4F00439298 = {
			isa = PBXGroup;
			children = (
				46AFD5082966CA4F00439298 /* Linkding */,
				46AFD5072966CA4F00439298 /* Products */,
			);
			sourceTree = "<group>";
		};
		46AFD5072966CA4F00439298 /* Products */ = {
			isa = PBXGroup;
			children = (
				46AFD5062966CA4F00439298 /* Linkding.app */,
			);
			name = Products;
			sourceTree = "<group>";
		};
		46AFD5082966CA4F00439298 /* Linkding */ = {
			isa = PBXGroup;
			children = (
				46AFD50D2966CA5000439298 /* Assets.xcassets */,
				46AFD529296729FC00439298 /* Extension */,
				46AFD51F2966CD4D00439298 /* Info.plist */,
				46AFD5092966CA4F00439298 /* LinkdingApp.swift */,
				46AFD555296AD20700439298 /* LinkdingViewModel.swift */,
				46AFD50F2966CA5000439298 /* Preview Content */,
				46AFD5202966E6D000439298 /* Screen */,
				469B8E05296AFDCB00480B19 /* Service */,
				46AFD552296ACCAC00439298 /* Style */,
			);
			path = Linkding;
			sourceTree = "<group>";
		};
		46AFD50F2966CA5000439298 /* Preview Content */ = {
			isa = PBXGroup;
			children = (
				46AFD5102966CA5000439298 /* Preview Assets.xcassets */,
			);
			path = "Preview Content";
			sourceTree = "<group>";
		};
		46AFD5202966E6D000439298 /* Screen */ = {
			isa = PBXGroup;
			children = (
				46AFD557296AD37600439298 /* Bookmarks */,
				46AFD5232966F11900439298 /* Login */,
			);
			path = Screen;
			sourceTree = "<group>";
		};
		46AFD5232966F11900439298 /* Login */ = {
			isa = PBXGroup;
			children = (
				46AFD5212966E6E400439298 /* LoginView.swift */,
				46AFD5242966F12800439298 /* LoginViewModel.swift */,
			);
			path = Login;
			sourceTree = "<group>";
		};
		46AFD529296729FC00439298 /* Extension */ = {
			isa = PBXGroup;
			children = (
				46AFD52A29672A0F00439298 /* View+Extension.swift */,
			);
			path = Extension;
			sourceTree = "<group>";
		};
		46AFD552296ACCAC00439298 /* Style */ = {
			isa = PBXGroup;
			children = (
				46AFD553296ACCC200439298 /* LargeTextFieldStyle.swift */,
			);
			path = Style;
			sourceTree = "<group>";
		};
		46AFD557296AD37600439298 /* Bookmarks */ = {
			isa = PBXGroup;
			children = (
				46AFD558296AD39E00439298 /* BookmarksView.swift */,
				469B8E01296AEB8700480B19 /* BookmarkModel.swift */,
				469B8E03296AEBC300480B19 /* BookmarksViewModel.swift */,
			);
			path = Bookmarks;
			sourceTree = "<group>";
		};
/* End PBXGroup section */

/* Begin PBXNativeTarget section */
		46AFD5052966CA4F00439298 /* Linkding */ = {
			isa = PBXNativeTarget;
			buildConfigurationList = 46AFD5142966CA5000439298 /* Build configuration list for PBXNativeTarget "Linkding" */;
			buildPhases = (
				46AFD5022966CA4F00439298 /* Sources */,
				46AFD5032966CA4F00439298 /* Frameworks */,
				46AFD5042966CA4F00439298 /* Resources */,
			);
			buildRules = (
			);
			dependencies = (
			);
			name = Linkding;
			packageProductDependencies = (
				46AFD5272966F93200439298 /* AlertToast */,
			);
			productName = Linkding;
			productReference = 46AFD5062966CA4F00439298 /* Linkding.app */;
			productType = "com.apple.product-type.application";
		};
/* End PBXNativeTarget section */

/* Begin PBXProject section */
		46AFD4FE2966CA4F00439298 /* Project object */ = {
			isa = PBXProject;
			attributes = {
				BuildIndependentTargetsInParallel = 1;
				LastSwiftUpdateCheck = 1420;
				LastUpgradeCheck = 1420;
				TargetAttributes = {
					46AFD5052966CA4F00439298 = {
						CreatedOnToolsVersion = 14.2;
					};
				};
			};
			buildConfigurationList = 46AFD5012966CA4F00439298 /* Build configuration list for PBXProject "Linkding" */;
			compatibilityVersion = "Xcode 14.0";
			developmentRegion = en;
			hasScannedForEncodings = 0;
			knownRegions = (
				en,
				Base,
			);
			mainGroup = 46AFD4FD2966CA4F00439298;
			packageReferences = (
				46AFD5262966F93200439298 /* XCRemoteSwiftPackageReference "AlertToast" */,
			);
			productRefGroup = 46AFD5072966CA4F00439298 /* Products */;
			projectDirPath = "";
			projectRoot = "";
			targets = (
				46AFD5052966CA4F00439298 /* Linkding */,
			);
		};
/* End PBXProject section */

/* Begin PBXResourcesBuildPhase section */
		46AFD5042966CA4F00439298 /* Resources */ = {
			isa = PBXResourcesBuildPhase;
			buildActionMask = 2147483647;
			files = (
				46AFD5112966CA5000439298 /* Preview Assets.xcassets in Resources */,
				46AFD50E2966CA5000439298 /* Assets.xcassets in Resources */,
			);
			runOnlyForDeploymentPostprocessing = 0;
		};
/* End PBXResourcesBuildPhase section */

/* Begin PBXSourcesBuildPhase section */
		46AFD5022966CA4F00439298 /* Sources */ = {
			isa = PBXSourcesBuildPhase;
			buildActionMask = 2147483647;
			files = (
				469B8E0D296B0BF700480B19 /* LinkdingReponse.swift in Sources */,
				46AFD52B29672A0F00439298 /* View+Extension.swift in Sources */,
				46AFD5222966E6E400439298 /* LoginView.swift in Sources */,
				46AFD559296AD39E00439298 /* BookmarksView.swift in Sources */,
				469B8E02296AEB8700480B19 /* BookmarkModel.swift in Sources */,
				469B8E0A296AFE6F00480B19 /* LinkdingService.swift in Sources */,
				46AFD50A2966CA4F00439298 /* LinkdingApp.swift in Sources */,
				469B8E04296AEBC300480B19 /* BookmarksViewModel.swift in Sources */,
				46AFD5252966F12800439298 /* LoginViewModel.swift in Sources */,
				469B8E07296AFDDE00480B19 /* Service.swift in Sources */,
				46AFD556296AD20700439298 /* LinkdingViewModel.swift in Sources */,
				46AFD554296ACCC200439298 /* LargeTextFieldStyle.swift in Sources */,
			);
			runOnlyForDeploymentPostprocessing = 0;
		};
/* End PBXSourcesBuildPhase section */

/* Begin XCBuildConfiguration section */
		46AFD5122966CA5000439298 /* Debug */ = {
			isa = XCBuildConfiguration;
			buildSettings = {
				ALWAYS_SEARCH_USER_PATHS = NO;
				CLANG_ANALYZER_NONNULL = YES;
				CLANG_ANALYZER_NUMBER_OBJECT_CONVERSION = YES_AGGRESSIVE;
				CLANG_CXX_LANGUAGE_STANDARD = "gnu++20";
				CLANG_ENABLE_MODULES = YES;
				CLANG_ENABLE_OBJC_ARC = YES;
				CLANG_ENABLE_OBJC_WEAK = YES;
				CLANG_WARN_BLOCK_CAPTURE_AUTORELEASING = YES;
				CLANG_WARN_BOOL_CONVERSION = YES;
				CLANG_WARN_COMMA = YES;
				CLANG_WARN_CONSTANT_CONVERSION = YES;
				CLANG_WARN_DEPRECATED_OBJC_IMPLEMENTATIONS = YES;
				CLANG_WARN_DIRECT_OBJC_ISA_USAGE = YES_ERROR;
				CLANG_WARN_DOCUMENTATION_COMMENTS = YES;
				CLANG_WARN_EMPTY_BODY = YES;
				CLANG_WARN_ENUM_CONVERSION = YES;
				CLANG_WARN_INFINITE_RECURSION = YES;
				CLANG_WARN_INT_CONVERSION = YES;
				CLANG_WARN_NON_LITERAL_NULL_CONVERSION = YES;
				CLANG_WARN_OBJC_IMPLICIT_RETAIN_SELF = YES;
				CLANG_WARN_OBJC_LITERAL_CONVERSION = YES;
				CLANG_WARN_OBJC_ROOT_CLASS = YES_ERROR;
				CLANG_WARN_QUOTED_INCLUDE_IN_FRAMEWORK_HEADER = YES;
				CLANG_WARN_RANGE_LOOP_ANALYSIS = YES;
				CLANG_WARN_STRICT_PROTOTYPES = YES;
				CLANG_WARN_SUSPICIOUS_MOVE = YES;
				CLANG_WARN_UNGUARDED_AVAILABILITY = YES_AGGRESSIVE;
				CLANG_WARN_UNREACHABLE_CODE = YES;
				CLANG_WARN__DUPLICATE_METHOD_MATCH = YES;
				COPY_PHASE_STRIP = NO;
				DEBUG_INFORMATION_FORMAT = dwarf;
				ENABLE_STRICT_OBJC_MSGSEND = YES;
				ENABLE_TESTABILITY = YES;
				GCC_C_LANGUAGE_STANDARD = gnu11;
				GCC_DYNAMIC_NO_PIC = NO;
				GCC_NO_COMMON_BLOCKS = YES;
				GCC_OPTIMIZATION_LEVEL = 0;
				GCC_PREPROCESSOR_DEFINITIONS = (
					"DEBUG=1",
					"$(inherited)",
				);
				GCC_WARN_64_TO_32_BIT_CONVERSION = YES;
				GCC_WARN_ABOUT_RETURN_TYPE = YES_ERROR;
				GCC_WARN_UNDECLARED_SELECTOR = YES;
				GCC_WARN_UNINITIALIZED_AUTOS = YES_AGGRESSIVE;
				GCC_WARN_UNUSED_FUNCTION = YES;
				GCC_WARN_UNUSED_VARIABLE = YES;
				IPHONEOS_DEPLOYMENT_TARGET = 14.0;
				MTL_ENABLE_DEBUG_INFO = INCLUDE_SOURCE;
				MTL_FAST_MATH = YES;
				ONLY_ACTIVE_ARCH = YES;
				SDKROOT = iphoneos;
				SWIFT_ACTIVE_COMPILATION_CONDITIONS = DEBUG;
				SWIFT_OPTIMIZATION_LEVEL = "-Onone";
			};
			name = Debug;
		};
		46AFD5132966CA5000439298 /* Release */ = {
			isa = XCBuildConfiguration;
			buildSettings = {
				ALWAYS_SEARCH_USER_PATHS = NO;
				CLANG_ANALYZER_NONNULL = YES;
				CLANG_ANALYZER_NUMBER_OBJECT_CONVERSION = YES_AGGRESSIVE;
				CLANG_CXX_LANGUAGE_STANDARD = "gnu++20";
				CLANG_ENABLE_MODULES = YES;
				CLANG_ENABLE_OBJC_ARC = YES;
				CLANG_ENABLE_OBJC_WEAK = YES;
				CLANG_WARN_BLOCK_CAPTURE_AUTORELEASING = YES;
				CLANG_WARN_BOOL_CONVERSION = YES;
				CLANG_WARN_COMMA = YES;
				CLANG_WARN_CONSTANT_CONVERSION = YES;
				CLANG_WARN_DEPRECATED_OBJC_IMPLEMENTATIONS = YES;
				CLANG_WARN_DIRECT_OBJC_ISA_USAGE = YES_ERROR;
				CLANG_WARN_DOCUMENTATION_COMMENTS = YES;
				CLANG_WARN_EMPTY_BODY = YES;
				CLANG_WARN_ENUM_CONVERSION = YES;
				CLANG_WARN_INFINITE_RECURSION = YES;
				CLANG_WARN_INT_CONVERSION = YES;
				CLANG_WARN_NON_LITERAL_NULL_CONVERSION = YES;
				CLANG_WARN_OBJC_IMPLICIT_RETAIN_SELF = YES;
				CLANG_WARN_OBJC_LITERAL_CONVERSION = YES;
				CLANG_WARN_OBJC_ROOT_CLASS = YES_ERROR;
				CLANG_WARN_QUOTED_INCLUDE_IN_FRAMEWORK_HEADER = YES;
				CLANG_WARN_RANGE_LOOP_ANALYSIS = YES;
				CLANG_WARN_STRICT_PROTOTYPES = YES;
				CLANG_WARN_SUSPICIOUS_MOVE = YES;
				CLANG_WARN_UNGUARDED_AVAILABILITY = YES_AGGRESSIVE;
				CLANG_WARN_UNREACHABLE_CODE = YES;
				CLANG_WARN__DUPLICATE_METHOD_MATCH = YES;
				COPY_PHASE_STRIP = NO;
				DEBUG_INFORMATION_FORMAT = "dwarf-with-dsym";
				ENABLE_NS_ASSERTIONS = NO;
				ENABLE_STRICT_OBJC_MSGSEND = YES;
				GCC_C_LANGUAGE_STANDARD = gnu11;
				GCC_NO_COMMON_BLOCKS = YES;
				GCC_WARN_64_TO_32_BIT_CONVERSION = YES;
				GCC_WARN_ABOUT_RETURN_TYPE = YES_ERROR;
				GCC_WARN_UNDECLARED_SELECTOR = YES;
				GCC_WARN_UNINITIALIZED_AUTOS = YES_AGGRESSIVE;
				GCC_WARN_UNUSED_FUNCTION = YES;
				GCC_WARN_UNUSED_VARIABLE = YES;
				IPHONEOS_DEPLOYMENT_TARGET = 14.0;
				MTL_ENABLE_DEBUG_INFO = NO;
				MTL_FAST_MATH = YES;
				SDKROOT = iphoneos;
				SWIFT_COMPILATION_MODE = wholemodule;
				SWIFT_OPTIMIZATION_LEVEL = "-O";
				VALIDATE_PRODUCT = YES;
			};
			name = Release;
		};
		46AFD5152966CA5000439298 /* Debug */ = {
			isa = XCBuildConfiguration;
			buildSettings = {
				ASSETCATALOG_COMPILER_APPICON_NAME = AppIcon;
				ASSETCATALOG_COMPILER_GLOBAL_ACCENT_COLOR_NAME = AccentColor;
				CODE_SIGN_IDENTITY = "Apple Development";
				CODE_SIGN_STYLE = Automatic;
				CURRENT_PROJECT_VERSION = 1;
				DEVELOPMENT_ASSET_PATHS = "\"Linkding/Preview Content\"";
				DEVELOPMENT_TEAM = "";
				ENABLE_PREVIEWS = YES;
				GENERATE_INFOPLIST_FILE = YES;
				INFOPLIST_FILE = Linkding/Info.plist;
				INFOPLIST_KEY_UIApplicationSupportsIndirectInputEvents = YES;
				INFOPLIST_KEY_UILaunchScreen_Generation = YES;
				INFOPLIST_KEY_UISupportedInterfaceOrientations = "UIInterfaceOrientationPortrait UIInterfaceOrientationPortraitUpsideDown";
				IPHONEOS_DEPLOYMENT_TARGET = 16.0;
				LD_RUNPATH_SEARCH_PATHS = (
					"$(inherited)",
					"@executable_path/Frameworks",
				);
				MARKETING_VERSION = 1.0;
				PRODUCT_BUNDLE_IDENTIFIER = com.bzima.Linkding;
				PRODUCT_NAME = "$(TARGET_NAME)";
				PROVISIONING_PROFILE_SPECIFIER = "";
				SWIFT_EMIT_LOC_STRINGS = YES;
				SWIFT_VERSION = 5.0;
				TARGETED_DEVICE_FAMILY = "1,2";
			};
			name = Debug;
		};
		46AFD5162966CA5000439298 /* Release */ = {
			isa = XCBuildConfiguration;
			buildSettings = {
				ASSETCATALOG_COMPILER_APPICON_NAME = AppIcon;
				ASSETCATALOG_COMPILER_GLOBAL_ACCENT_COLOR_NAME = AccentColor;
				CODE_SIGN_IDENTITY = "Apple Development";
				CODE_SIGN_STYLE = Automatic;
				CURRENT_PROJECT_VERSION = 1;
				DEVELOPMENT_ASSET_PATHS = "\"Linkding/Preview Content\"";
				DEVELOPMENT_TEAM = "";
				ENABLE_PREVIEWS = YES;
				GENERATE_INFOPLIST_FILE = YES;
				INFOPLIST_FILE = Linkding/Info.plist;
				INFOPLIST_KEY_UIApplicationSupportsIndirectInputEvents = YES;
				INFOPLIST_KEY_UILaunchScreen_Generation = YES;
				INFOPLIST_KEY_UISupportedInterfaceOrientations = "UIInterfaceOrientationPortrait UIInterfaceOrientationPortraitUpsideDown";
				IPHONEOS_DEPLOYMENT_TARGET = 16.0;
				LD_RUNPATH_SEARCH_PATHS = (
					"$(inherited)",
					"@executable_path/Frameworks",
				);
				MARKETING_VERSION = 1.0;
				PRODUCT_BUNDLE_IDENTIFIER = com.bzima.Linkding;
				PRODUCT_NAME = "$(TARGET_NAME)";
				PROVISIONING_PROFILE_SPECIFIER = "";
				SWIFT_EMIT_LOC_STRINGS = YES;
				SWIFT_VERSION = 5.0;
				TARGETED_DEVICE_FAMILY = "1,2";
			};
			name = Release;
		};
/* End XCBuildConfiguration section */

/* Begin XCConfigurationList section */
		46AFD5012966CA4F00439298 /* Build configuration list for PBXProject "Linkding" */ = {
			isa = XCConfigurationList;
			buildConfigurations = (
				46AFD5122966CA5000439298 /* Debug */,
				46AFD5132966CA5000439298 /* Release */,
			);
			defaultConfigurationIsVisible = 0;
			defaultConfigurationName = Release;
		};
		46AFD5142966CA5000439298 /* Build configuration list for PBXNativeTarget "Linkding" */ = {
			isa = XCConfigurationList;
			buildConfigurations = (
				46AFD5152966CA5000439298 /* Debug */,
				46AFD5162966CA5000439298 /* Release */,
			);
			defaultConfigurationIsVisible = 0;
			defaultConfigurationName = Release;
		};
/* End XCConfigurationList section */

/* Begin XCRemoteSwiftPackageReference section */
		46AFD5262966F93200439298 /* XCRemoteSwiftPackageReference "AlertToast" */ = {
			isa = XCRemoteSwiftPackageReference;
			repositoryURL = "https://github.com/elai950/AlertToast.git";
			requirement = {
				kind = upToNextMajorVersion;
				minimumVersion = 1.0.0;
			};
		};
/* End XCRemoteSwiftPackageReference section */

/* Begin XCSwiftPackageProductDependency section */
		46AFD5272966F93200439298 /* AlertToast */ = {
			isa = XCSwiftPackageProductDependency;
			package = 46AFD5262966F93200439298 /* XCRemoteSwiftPackageReference "AlertToast" */;
			productName = AlertToast;
		};
/* End XCSwiftPackageProductDependency section */
	};
	rootObject = 46AFD4FE2966CA4F00439298 /* Project object */;
}
